
Microsoft Visual Studio Solution File, Format Version 12.00
# Visual Studio Version 17
VisualStudioVersion = 17.6.33723.286
MinimumVisualStudioVersion = 10.0.40219.1
Project("{FAE04EC0-301F-11D3-BF4B-00C04F79EFBC}") = "QP.WebServer.Core", "QP.WebServer.Core\QP.WebServer.Core.csproj", "{651630DF-767C-4FC2-850D-10D7CCBD987B}"
EndProject
Global
	GlobalSection(SolutionConfigurationPlatforms) = preSolution
		Debug|Any CPU = Debug|Any CPU
		Release|Any CPU = Release|Any CPU
	EndGlobalSection
	GlobalSection(ProjectConfigurationPlatforms) = postSolution
		{651630DF-767C-4FC2-850D-10D7CCBD987B}.Debug|Any CPU.ActiveCfg = Debug|Any CPU
		{651630DF-767C-4FC2-850D-10D7CCBD987B}.Debug|Any CPU.Build.0 = Debug|Any CPU
		{651630DF-767C-4FC2-850D-10D7CCBD987B}.Release|Any CPU.ActiveCfg = Release|Any CPU
		{651630DF-767C-4FC2-850D-10D7CCBD987B}.Release|Any CPU.Build.0 = Release|Any CPU
	EndGlobalSection
	GlobalSection(SolutionProperties) = preSolution
		HideSolutionNode = FALSE
	EndGlobalSection
	GlobalSection(ExtensibilityGlobals) = postSolution
		SolutionGuid = {CFB47181-F029-47B9-89D5-DDC1BA1D2B39}
	EndGlobalSection
EndGlobal
